
Microsoft Visual Studio Solution File, Format Version 12.00
# Visual Studio 15
VisualStudioVersion = 15.0.27428.2015
MinimumVisualStudioVersion = 10.0.40219.1
Project("{FAE04EC0-301F-11D3-BF4B-00C04F79EFBC}") = "RNX_Market", "RNX_Market\RNX_Market.csproj", "{C3E0A524-88EA-48C1-8031-F7FA0AC8B422}"
EndProject
Global
	GlobalSection(SolutionConfigurationPlatforms) = preSolution
		Debug|Any CPU = Debug|Any CPU
		Release|Any CPU = Release|Any CPU
	EndGlobalSection
	GlobalSection(ProjectConfigurationPlatforms) = postSolution
		{C3E0A524-88EA-48C1-8031-F7FA0AC8B422}.Debug|Any CPU.ActiveCfg = Debug|Any CPU
		{C3E0A524-88EA-48C1-8031-F7FA0AC8B422}.Debug|Any CPU.Build.0 = Debug|Any CPU
		{C3E0A524-88EA-48C1-8031-F7FA0AC8B422}.Release|Any CPU.ActiveCfg = Release|Any CPU
		{C3E0A524-88EA-48C1-8031-F7FA0AC8B422}.Release|Any CPU.Build.0 = Release|Any CPU
	EndGlobalSection
	GlobalSection(SolutionProperties) = preSolution
		HideSolutionNode = FALSE
	EndGlobalSection
	GlobalSection(ExtensibilityGlobals) = postSolution
		SolutionGuid = {5362F134-1EDA-413D-B3E8-EA73B31C4A6B}
	EndGlobalSection
EndGlobal
